
Microsoft Visual Studio Solution File, Format Version 12.00
# Visual Studio Version 16
VisualStudioVersion = 16.0.31205.134
MinimumVisualStudioVersion = 10.0.40219.1
Project("{9A19103F-16F7-4668-BE54-9A1E7A4F7556}") = "Floatingman.Collections", "src\Floatingman.Collections\Floatingman.Collections.csproj", "{4F7583C6-4417-440B-98B3-67E369EC107C}"
EndProject
Project("{9A19103F-16F7-4668-BE54-9A1E7A4F7556}") = "Floatingman.Collections.Test", "src\Floatingman.Collections.Test\Floatingman.Collections.Test.csproj", "{F4717830-8EE3-468D-9B29-37C384321408}"
EndProject
Project("{2150E333-8FDC-42A3-9474-1A3956D46DE8}") = "Solution Items", "Solution Items", "{FE279472-E3E0-4E75-BADF-B823538C18D1}"
	ProjectSection(SolutionItems) = preProject
		.gitignore = .gitignore
	EndProjectSection
EndProject
Global
	GlobalSection(SolutionConfigurationPlatforms) = preSolution
		Debug|Any CPU = Debug|Any CPU
		Release|Any CPU = Release|Any CPU
	EndGlobalSection
	GlobalSection(ProjectConfigurationPlatforms) = postSolution
		{4F7583C6-4417-440B-98B3-67E369EC107C}.Debug|Any CPU.ActiveCfg = Debug|Any CPU
		{4F7583C6-4417-440B-98B3-67E369EC107C}.Debug|Any CPU.Build.0 = Debug|Any CPU
		{4F7583C6-4417-440B-98B3-67E369EC107C}.Release|Any CPU.ActiveCfg = Release|Any CPU
		{4F7583C6-4417-440B-98B3-67E369EC107C}.Release|Any CPU.Build.0 = Release|Any CPU
		{F4717830-8EE3-468D-9B29-37C384321408}.Debug|Any CPU.ActiveCfg = Debug|Any CPU
		{F4717830-8EE3-468D-9B29-37C384321408}.Debug|Any CPU.Build.0 = Debug|Any CPU
		{F4717830-8EE3-468D-9B29-37C384321408}.Release|Any CPU.ActiveCfg = Release|Any CPU
		{F4717830-8EE3-468D-9B29-37C384321408}.Release|Any CPU.Build.0 = Release|Any CPU
	EndGlobalSection
	GlobalSection(SolutionProperties) = preSolution
		HideSolutionNode = FALSE
	EndGlobalSection
	GlobalSection(ExtensibilityGlobals) = postSolution
		SolutionGuid = {A77A0AFF-AF81-4EC4-A393-B63488D5E239}
	EndGlobalSection
EndGlobal
